
Microsoft Visual Studio Solution File, Format Version 12.00
# Visual Studio Version 16
VisualStudioVersion = 16.0.29806.167
MinimumVisualStudioVersion = 10.0.40219.1
Project("{FAE04EC0-301F-11D3-BF4B-00C04F79EFBC}") = "MysampleProject", "MysampleProject\MysampleProject.csproj", "{794E7707-EC36-4DD4-90EE-E12D5B2CA677}"
EndProject
Project("{FAE04EC0-301F-11D3-BF4B-00C04F79EFBC}") = "MySampleProject.Core", "MySampleProject.Core\MySampleProject.Core.csproj", "{F9B219CB-67B6-4563-93CB-1E5561061A8B}"
EndProject
Project("{FAE04EC0-301F-11D3-BF4B-00C04F79EFBC}") = "DataLibrary", "DataLibrary\DataLibrary.csproj", "{919F182F-0555-4D7D-B902-6F3BB9234A47}"
EndProject
Global
	GlobalSection(SolutionConfigurationPlatforms) = preSolution
		Debug|Any CPU = Debug|Any CPU
		Release|Any CPU = Release|Any CPU
	EndGlobalSection
	GlobalSection(ProjectConfigurationPlatforms) = postSolution
		{794E7707-EC36-4DD4-90EE-E12D5B2CA677}.Debug|Any CPU.ActiveCfg = Debug|Any CPU
		{794E7707-EC36-4DD4-90EE-E12D5B2CA677}.Debug|Any CPU.Build.0 = Debug|Any CPU
		{794E7707-EC36-4DD4-90EE-E12D5B2CA677}.Release|Any CPU.ActiveCfg = Release|Any CPU
		{794E7707-EC36-4DD4-90EE-E12D5B2CA677}.Release|Any CPU.Build.0 = Release|Any CPU
		{F9B219CB-67B6-4563-93CB-1E5561061A8B}.Debug|Any CPU.ActiveCfg = Debug|Any CPU
		{F9B219CB-67B6-4563-93CB-1E5561061A8B}.Debug|Any CPU.Build.0 = Debug|Any CPU
		{F9B219CB-67B6-4563-93CB-1E5561061A8B}.Release|Any CPU.ActiveCfg = Release|Any CPU
		{F9B219CB-67B6-4563-93CB-1E5561061A8B}.Release|Any CPU.Build.0 = Release|Any CPU
		{919F182F-0555-4D7D-B902-6F3BB9234A47}.Debug|Any CPU.ActiveCfg = Debug|Any CPU
		{919F182F-0555-4D7D-B902-6F3BB9234A47}.Debug|Any CPU.Build.0 = Debug|Any CPU
		{919F182F-0555-4D7D-B902-6F3BB9234A47}.Release|Any CPU.ActiveCfg = Release|Any CPU
		{919F182F-0555-4D7D-B902-6F3BB9234A47}.Release|Any CPU.Build.0 = Release|Any CPU
	EndGlobalSection
	GlobalSection(SolutionProperties) = preSolution
		HideSolutionNode = FALSE
	EndGlobalSection
	GlobalSection(ExtensibilityGlobals) = postSolution
		SolutionGuid = {258D07EA-F0A7-46C5-96AF-DC115020961E}
	EndGlobalSection
EndGlobal
